# This file is automatically @generated by Cargo.
# It is not intended for manual editing.
version = 4

[[package]]
name = "game1"
version = "0.1.0"

[[package]]
name = "game2"
version = "0.1.0"

[[package]]
name = "game3"
version = "0.1.0"

[[package]]
name = "hub_games"
version = "0.1.0"
dependencies = [
 "game1",
 "game2",
 "game3",
 "ui",
]

[[package]]
name = "ui"
version = "0.1.0"
